// !$*UTF8*$!
{
	archiveVersion = 1;
	classes = {
	};
	objectVersion = 46;
	objects = {

/* Begin PBXBuildFile section */
		E423F47F17BC4D48007F17DF /* UIKit.framework in Frameworks */ = {isa = PBXBuildFile; fileRef = E423F47E17BC4D48007F17DF /* UIKit.framework */; };
		E423F48117BC4D48007F17DF /* Foundation.framework in Frameworks */ = {isa = PBXBuildFile; fileRef = E423F48017BC4D48007F17DF /* Foundation.framework */; };
		E423F48317BC4D48007F17DF /* CoreGraphics.framework in Frameworks */ = {isa = PBXBuildFile; fileRef = E423F48217BC4D48007F17DF /* CoreGraphics.framework */; };
		E423F48917BC4D48007F17DF /* InfoPlist.strings in Resources */ = {isa = PBXBuildFile; fileRef = E423F48717BC4D48007F17DF /* InfoPlist.strings */; };
		E423F48B17BC4D48007F17DF /* main.m in Sources */ = {isa = PBXBuildFile; fileRef = E423F48A17BC4D48007F17DF /* main.m */; };
		E423F48F17BC4D48007F17DF /* AppDelegate.m in Sources */ = {isa = PBXBuildFile; fileRef = E423F48E17BC4D48007F17DF /* AppDelegate.m */; };
		E423F49117BC4D48007F17DF /* Default.png in Resources */ = {isa = PBXBuildFile; fileRef = E423F49017BC4D48007F17DF /* Default.png */; };
		E423F49317BC4D48007F17DF /* Default@2x.png in Resources */ = {isa = PBXBuildFile; fileRef = E423F49217BC4D48007F17DF /* Default@2x.png */; };
		E423F49517BC4D48007F17DF /* Default-568h@2x.png in Resources */ = {isa = PBXBuildFile; fileRef = E423F49417BC4D48007F17DF /* Default-568h@2x.png */; };
		E423F49817BC4D48007F17DF /* MainStoryboard.storyboard in Resources */ = {isa = PBXBuildFile; fileRef = E423F49617BC4D48007F17DF /* MainStoryboard.storyboard */; };
		E423F49B17BC4D48007F17DF /* ViewController.m in Sources */ = {isa = PBXBuildFile; fileRef = E423F49A17BC4D48007F17DF /* ViewController.m */; };
		E423F4A317BC4D48007F17DF /* SenTestingKit.framework in Frameworks */ = {isa = PBXBuildFile; fileRef = E423F4A217BC4D48007F17DF /* SenTestingKit.framework */; };
		E423F4A417BC4D48007F17DF /* UIKit.framework in Frameworks */ = {isa = PBXBuildFile; fileRef = E423F47E17BC4D48007F17DF /* UIKit.framework */; };
		E423F4A517BC4D48007F17DF /* Foundation.framework in Frameworks */ = {isa = PBXBuildFile; fileRef = E423F48017BC4D48007F17DF /* Foundation.framework */; };
		E423F4AD17BC4D48007F17DF /* InfoPlist.strings in Resources */ = {isa = PBXBuildFile; fileRef = E423F4AB17BC4D48007F17DF /* InfoPlist.strings */; };
		E423F4B017BC4D48007F17DF /* webrtcDemoiOSTests.m in Sources */ = {isa = PBXBuildFile; fileRef = E423F4AF17BC4D48007F17DF /* webrtcDemoiOSTests.m */; };
		E423F4C717BC4DE2007F17DF /* CoreTelephony.framework in Frameworks */ = {isa = PBXBuildFile; fileRef = E423F4B917BC4DE2007F17DF /* CoreTelephony.framework */; };
		E423F4C817BC4DE2007F17DF /* MobileCoreServices.framework in Frameworks */ = {isa = PBXBuildFile; fileRef = E423F4BA17BC4DE2007F17DF /* MobileCoreServices.framework */; };
		E423F4C917BC4DE2007F17DF /* CFNetwork.framework in Frameworks */ = {isa = PBXBuildFile; fileRef = E423F4BB17BC4DE2007F17DF /* CFNetwork.framework */; };
		E423F4CA17BC4DE2007F17DF /* SystemConfiguration.framework in Frameworks */ = {isa = PBXBuildFile; fileRef = E423F4BC17BC4DE2007F17DF /* SystemConfiguration.framework */; };
		E423F4CB17BC4DE2007F17DF /* CoreMedia.framework in Frameworks */ = {isa = PBXBuildFile; fileRef = E423F4BD17BC4DE2007F17DF /* CoreMedia.framework */; };
		E423F4CC17BC4DE2007F17DF /* Security.framework in Frameworks */ = {isa = PBXBuildFile; fileRef = E423F4BE17BC4DE2007F17DF /* Security.framework */; };
		E423F4CD17BC4DE2007F17DF /* AudioToolbox.framework in Frameworks */ = {isa = PBXBuildFile; fileRef = E423F4BF17BC4DE2007F17DF /* AudioToolbox.framework */; };
		E423F4CE17BC4DE2007F17DF /* CoreAudio.framework in Frameworks */ = {isa = PBXBuildFile; fileRef = E423F4C017BC4DE2007F17DF /* CoreAudio.framework */; };
		E423F4CF17BC4DE2007F17DF /* CoreVideo.framework in Frameworks */ = {isa = PBXBuildFile; fileRef = E423F4C117BC4DE2007F17DF /* CoreVideo.framework */; };
		E423F4D017BC4DE2007F17DF /* OpenGLES.framework in Frameworks */ = {isa = PBXBuildFile; fileRef = E423F4C217BC4DE2007F17DF /* OpenGLES.framework */; };
		E423F4D117BC4DE2007F17DF /* libz.dylib in Frameworks */ = {isa = PBXBuildFile; fileRef = E423F4C317BC4DE2007F17DF /* libz.dylib */; };
		E423F4D217BC4DE2007F17DF /* libstdc++.dylib in Frameworks */ = {isa = PBXBuildFile; fileRef = E423F4C417BC4DE2007F17DF /* libstdc++.dylib */; };
		E423F4D317BC4DE2007F17DF /* QuartzCore.framework in Frameworks */ = {isa = PBXBuildFile; fileRef = E423F4C517BC4DE2007F17DF /* QuartzCore.framework */; };
		E423F4D417BC4DE2007F17DF /* AVFoundation.framework in Frameworks */ = {isa = PBXBuildFile; fileRef = E423F4C617BC4DE2007F17DF /* AVFoundation.framework */; };
		E423F4D617BC4E30007F17DF /* Opentok.framework in Frameworks */ = {isa = PBXBuildFile; fileRef = E423F4D517BC4E30007F17DF /* Opentok.framework */; };
		E423F4D817BC4E3E007F17DF /* opentok.bundle in Resources */ = {isa = PBXBuildFile; fileRef = E423F4D717BC4E3E007F17DF /* opentok.bundle */; };
		E423F4DA17BC4EA9007F17DF /* Firebase.framework in Frameworks */ = {isa = PBXBuildFile; fileRef = E423F4D917BC4EA9007F17DF /* Firebase.framework */; };
		E423F4DC17BC4EDA007F17DF /* libicucore.dylib in Frameworks */ = {isa = PBXBuildFile; fileRef = E423F4DB17BC4EDA007F17DF /* libicucore.dylib */; };
		E423F4FC17BC5318007F17DF /* RoomViewController.m in Sources */ = {isa = PBXBuildFile; fileRef = E423F4FB17BC5318007F17DF /* RoomViewController.m */; };
		E423F53817C3C55E007F17DF /* ChatCell.m in Sources */ = {isa = PBXBuildFile; fileRef = E423F53717C3C55E007F17DF /* ChatCell.m */; };
		E4A4641117DC2A3300AA4FE9 /* AvantGarDemObl in Resources */ = {isa = PBXBuildFile; fileRef = E4A4641017DC2A3300AA4FE9 /* AvantGarDemObl */; };
		E4EA156217DC31E40069B603 /* Avant Garde Book BT.ttf in Resources */ = {isa = PBXBuildFile; fileRef = E4EA156117DC31E40069B603 /* Avant Garde Book BT.ttf */; };
		E4EA156317DC874E0069B603 /* Avant Garde Book BT.ttf in Resources */ = {isa = PBXBuildFile; fileRef = E4EA156117DC31E40069B603 /* Avant Garde Book BT.ttf */; };
		E4EA156517DC9ABF0069B603 /* TBRed.png in Resources */ = {isa = PBXBuildFile; fileRef = E4EA156417DC9ABF0069B603 /* TBRed.png */; };
		E4EA156717DC9CAF0069B603 /* TBBlue.png in Resources */ = {isa = PBXBuildFile; fileRef = E4EA156617DC9CAF0069B603 /* TBBlue.png */; };
/* End PBXBuildFile section */

/* Begin PBXContainerItemProxy section */
		E423F4A617BC4D48007F17DF /* PBXContainerItemProxy */ = {
			isa = PBXContainerItemProxy;
			containerPortal = E423F47317BC4D48007F17DF /* Project object */;
			proxyType = 1;
			remoteGlobalIDString = E423F47A17BC4D48007F17DF;
			remoteInfo = webrtcDemoiOS;
		};
/* End PBXContainerItemProxy section */

/* Begin PBXFileReference section */
		E423F47B17BC4D48007F17DF /* webrtcDemoiOS.app */ = {isa = PBXFileReference; explicitFileType = wrapper.application; includeInIndex = 0; path = webrtcDemoiOS.app; sourceTree = BUILT_PRODUCTS_DIR; };
		E423F47E17BC4D48007F17DF /* UIKit.framework */ = {isa = PBXFileReference; lastKnownFileType = wrapper.framework; name = UIKit.framework; path = System/Library/Frameworks/UIKit.framework; sourceTree = SDKROOT; };
		E423F48017BC4D48007F17DF /* Foundation.framework */ = {isa = PBXFileReference; lastKnownFileType = wrapper.framework; name = Foundation.framework; path = System/Library/Frameworks/Foundation.framework; sourceTree = SDKROOT; };
		E423F48217BC4D48007F17DF /* CoreGraphics.framework */ = {isa = PBXFileReference; lastKnownFileType = wrapper.framework; name = CoreGraphics.framework; path = System/Library/Frameworks/CoreGraphics.framework; sourceTree = SDKROOT; };
		E423F48617BC4D48007F17DF /* webrtcDemoiOS-Info.plist */ = {isa = PBXFileReference; lastKnownFileType = text.plist.xml; path = "webrtcDemoiOS-Info.plist"; sourceTree = "<group>"; };
		E423F48817BC4D48007F17DF /* en */ = {isa = PBXFileReference; lastKnownFileType = text.plist.strings; name = en; path = en.lproj/InfoPlist.strings; sourceTree = "<group>"; };
		E423F48A17BC4D48007F17DF /* main.m */ = {isa = PBXFileReference; lastKnownFileType = sourcecode.c.objc; path = main.m; sourceTree = "<group>"; };
		E423F48C17BC4D48007F17DF /* webrtcDemoiOS-Prefix.pch */ = {isa = PBXFileReference; lastKnownFileType = sourcecode.c.h; path = "webrtcDemoiOS-Prefix.pch"; sourceTree = "<group>"; };
		E423F48D17BC4D48007F17DF /* AppDelegate.h */ = {isa = PBXFileReference; lastKnownFileType = sourcecode.c.h; path = AppDelegate.h; sourceTree = "<group>"; };
		E423F48E17BC4D48007F17DF /* AppDelegate.m */ = {isa = PBXFileReference; lastKnownFileType = sourcecode.c.objc; path = AppDelegate.m; sourceTree = "<group>"; };
		E423F49017BC4D48007F17DF /* Default.png */ = {isa = PBXFileReference; lastKnownFileType = image.png; path = Default.png; sourceTree = "<group>"; };
		E423F49217BC4D48007F17DF /* Default@2x.png */ = {isa = PBXFileReference; lastKnownFileType = image.png; path = "Default@2x.png"; sourceTree = "<group>"; };
		E423F49417BC4D48007F17DF /* Default-568h@2x.png */ = {isa = PBXFileReference; lastKnownFileType = image.png; path = "Default-568h@2x.png"; sourceTree = "<group>"; };
		E423F49717BC4D48007F17DF /* en */ = {isa = PBXFileReference; lastKnownFileType = file.storyboard; name = en; path = en.lproj/MainStoryboard.storyboard; sourceTree = "<group>"; };
		E423F49917BC4D48007F17DF /* ViewController.h */ = {isa = PBXFileReference; lastKnownFileType = sourcecode.c.h; path = ViewController.h; sourceTree = "<group>"; };
		E423F49A17BC4D48007F17DF /* ViewController.m */ = {isa = PBXFileReference; lastKnownFileType = sourcecode.c.objc; path = ViewController.m; sourceTree = "<group>"; };
		E423F4A117BC4D48007F17DF /* webrtcDemoiOSTests.octest */ = {isa = PBXFileReference; explicitFileType = wrapper.cfbundle; includeInIndex = 0; path = webrtcDemoiOSTests.octest; sourceTree = BUILT_PRODUCTS_DIR; };
		E423F4A217BC4D48007F17DF /* SenTestingKit.framework */ = {isa = PBXFileReference; lastKnownFileType = wrapper.framework; name = SenTestingKit.framework; path = Library/Frameworks/SenTestingKit.framework; sourceTree = DEVELOPER_DIR; };
		E423F4AA17BC4D48007F17DF /* webrtcDemoiOSTests-Info.plist */ = {isa = PBXFileReference; lastKnownFileType = text.plist.xml; path = "webrtcDemoiOSTests-Info.plist"; sourceTree = "<group>"; };
		E423F4AC17BC4D48007F17DF /* en */ = {isa = PBXFileReference; lastKnownFileType = text.plist.strings; name = en; path = en.lproj/InfoPlist.strings; sourceTree = "<group>"; };
		E423F4AE17BC4D48007F17DF /* webrtcDemoiOSTests.h */ = {isa = PBXFileReference; lastKnownFileType = sourcecode.c.h; path = webrtcDemoiOSTests.h; sourceTree = "<group>"; };
		E423F4AF17BC4D48007F17DF /* webrtcDemoiOSTests.m */ = {isa = PBXFileReference; lastKnownFileType = sourcecode.c.objc; path = webrtcDemoiOSTests.m; sourceTree = "<group>"; };
		E423F4B917BC4DE2007F17DF /* CoreTelephony.framework */ = {isa = PBXFileReference; lastKnownFileType = wrapper.framework; name = CoreTelephony.framework; path = System/Library/Frameworks/CoreTelephony.framework; sourceTree = SDKROOT; };
		E423F4BA17BC4DE2007F17DF /* MobileCoreServices.framework */ = {isa = PBXFileReference; lastKnownFileType = wrapper.framework; name = MobileCoreServices.framework; path = System/Library/Frameworks/MobileCoreServices.framework; sourceTree = SDKROOT; };
		E423F4BB17BC4DE2007F17DF /* CFNetwork.framework */ = {isa = PBXFileReference; lastKnownFileType = wrapper.framework; name = CFNetwork.framework; path = System/Library/Frameworks/CFNetwork.framework; sourceTree = SDKROOT; };
		E423F4BC17BC4DE2007F17DF /* SystemConfiguration.framework */ = {isa = PBXFileReference; lastKnownFileType = wrapper.framework; name = SystemConfiguration.framework; path = System/Library/Frameworks/SystemConfiguration.framework; sourceTree = SDKROOT; };
		E423F4BD17BC4DE2007F17DF /* CoreMedia.framework */ = {isa = PBXFileReference; lastKnownFileType = wrapper.framework; name = CoreMedia.framework; path = System/Library/Frameworks/CoreMedia.framework; sourceTree = SDKROOT; };
		E423F4BE17BC4DE2007F17DF /* Security.framework */ = {isa = PBXFileReference; lastKnownFileType = wrapper.framework; name = Security.framework; path = System/Library/Frameworks/Security.framework; sourceTree = SDKROOT; };
		E423F4BF17BC4DE2007F17DF /* AudioToolbox.framework */ = {isa = PBXFileReference; lastKnownFileType = wrapper.framework; name = AudioToolbox.framework; path = System/Library/Frameworks/AudioToolbox.framework; sourceTree = SDKROOT; };
		E423F4C017BC4DE2007F17DF /* CoreAudio.framework */ = {isa = PBXFileReference; lastKnownFileType = wrapper.framework; name = CoreAudio.framework; path = System/Library/Frameworks/CoreAudio.framework; sourceTree = SDKROOT; };
		E423F4C117BC4DE2007F17DF /* CoreVideo.framework */ = {isa = PBXFileReference; lastKnownFileType = wrapper.framework; name = CoreVideo.framework; path = System/Library/Frameworks/CoreVideo.framework; sourceTree = SDKROOT; };
		E423F4C217BC4DE2007F17DF /* OpenGLES.framework */ = {isa = PBXFileReference; lastKnownFileType = wrapper.framework; name = OpenGLES.framework; path = System/Library/Frameworks/OpenGLES.framework; sourceTree = SDKROOT; };
		E423F4C317BC4DE2007F17DF /* libz.dylib */ = {isa = PBXFileReference; lastKnownFileType = "compiled.mach-o.dylib"; name = libz.dylib; path = usr/lib/libz.dylib; sourceTree = SDKROOT; };
		E423F4C417BC4DE2007F17DF /* libstdc++.dylib */ = {isa = PBXFileReference; lastKnownFileType = "compiled.mach-o.dylib"; name = "libstdc++.dylib"; path = "usr/lib/libstdc++.dylib"; sourceTree = SDKROOT; };
		E423F4C517BC4DE2007F17DF /* QuartzCore.framework */ = {isa = PBXFileReference; lastKnownFileType = wrapper.framework; name = QuartzCore.framework; path = System/Library/Frameworks/QuartzCore.framework; sourceTree = SDKROOT; };
		E423F4C617BC4DE2007F17DF /* AVFoundation.framework */ = {isa = PBXFileReference; lastKnownFileType = wrapper.framework; name = AVFoundation.framework; path = System/Library/Frameworks/AVFoundation.framework; sourceTree = SDKROOT; };
		E423F4D517BC4E30007F17DF /* Opentok.framework */ = {isa = PBXFileReference; lastKnownFileType = wrapper.framework; name = Opentok.framework; path = "opentok-ios-sdk-webrtc/Opentok.framework"; sourceTree = "<group>"; };
		E423F4D717BC4E3E007F17DF /* opentok.bundle */ = {isa = PBXFileReference; lastKnownFileType = "wrapper.plug-in"; name = opentok.bundle; path = "opentok-ios-sdk-webrtc/Opentok.framework/Versions/A/Resources/opentok.bundle"; sourceTree = SOURCE_ROOT; };
		E423F4D917BC4EA9007F17DF /* Firebase.framework */ = {isa = PBXFileReference; lastKnownFileType = wrapper.framework; name = Firebase.framework; path = ../Firebase.framework; sourceTree = "<group>"; };
		E423F4DB17BC4EDA007F17DF /* libicucore.dylib */ = {isa = PBXFileReference; lastKnownFileType = "compiled.mach-o.dylib"; name = libicucore.dylib; path = usr/lib/libicucore.dylib; sourceTree = SDKROOT; };
		E423F4FA17BC5318007F17DF /* RoomViewController.h */ = {isa = PBXFileReference; fileEncoding = 4; lastKnownFileType = sourcecode.c.h; path = RoomViewController.h; sourceTree = "<group>"; };
		E423F4FB17BC5318007F17DF /* RoomViewController.m */ = {isa = PBXFileReference; fileEncoding = 4; lastKnownFileType = sourcecode.c.objc; path = RoomViewController.m; sourceTree = "<group>"; };
		E423F53617C3C55E007F17DF /* ChatCell.h */ = {isa = PBXFileReference; fileEncoding = 4; lastKnownFileType = sourcecode.c.h; path = ChatCell.h; sourceTree = "<group>"; };
		E423F53717C3C55E007F17DF /* ChatCell.m */ = {isa = PBXFileReference; fileEncoding = 4; lastKnownFileType = sourcecode.c.objc; path = ChatCell.m; sourceTree = "<group>"; };
		E4A4641017DC2A3300AA4FE9 /* AvantGarDemObl */ = {isa = PBXFileReference; fileEncoding = 4; lastKnownFileType = text; path = AvantGarDemObl; sourceTree = "<group>"; };
		E4EA156117DC31E40069B603 /* Avant Garde Book BT.ttf */ = {isa = PBXFileReference; lastKnownFileType = file; path = "Avant Garde Book BT.ttf"; sourceTree = "<group>"; };
		E4EA156417DC9ABF0069B603 /* TBRed.png */ = {isa = PBXFileReference; lastKnownFileType = image.png; path = TBRed.png; sourceTree = "<group>"; };
		E4EA156617DC9CAF0069B603 /* TBBlue.png */ = {isa = PBXFileReference; lastKnownFileType = image.png; path = TBBlue.png; sourceTree = "<group>"; };
/* End PBXFileReference section */

/* Begin PBXFrameworksBuildPhase section */
		E423F47817BC4D48007F17DF /* Frameworks */ = {
			isa = PBXFrameworksBuildPhase;
			buildActionMask = 2147483647;
			files = (
				E423F4DC17BC4EDA007F17DF /* libicucore.dylib in Frameworks */,
				E423F47F17BC4D48007F17DF /* UIKit.framework in Frameworks */,
				E423F48117BC4D48007F17DF /* Foundation.framework in Frameworks */,
				E423F48317BC4D48007F17DF /* CoreGraphics.framework in Frameworks */,
				E423F4C717BC4DE2007F17DF /* CoreTelephony.framework in Frameworks */,
				E423F4C817BC4DE2007F17DF /* MobileCoreServices.framework in Frameworks */,
				E423F4C917BC4DE2007F17DF /* CFNetwork.framework in Frameworks */,
				E423F4CA17BC4DE2007F17DF /* SystemConfiguration.framework in Frameworks */,
				E423F4CB17BC4DE2007F17DF /* CoreMedia.framework in Frameworks */,
				E423F4CC17BC4DE2007F17DF /* Security.framework in Frameworks */,
				E423F4CD17BC4DE2007F17DF /* AudioToolbox.framework in Frameworks */,
				E423F4CE17BC4DE2007F17DF /* CoreAudio.framework in Frameworks */,
				E423F4CF17BC4DE2007F17DF /* CoreVideo.framework in Frameworks */,
				E423F4D017BC4DE2007F17DF /* OpenGLES.framework in Frameworks */,
				E423F4D117BC4DE2007F17DF /* libz.dylib in Frameworks */,
				E423F4D217BC4DE2007F17DF /* libstdc++.dylib in Frameworks */,
				E423F4D317BC4DE2007F17DF /* QuartzCore.framework in Frameworks */,
				E423F4D417BC4DE2007F17DF /* AVFoundation.framework in Frameworks */,
				E423F4D617BC4E30007F17DF /* Opentok.framework in Frameworks */,
				E423F4DA17BC4EA9007F17DF /* Firebase.framework in Frameworks */,
			);
			runOnlyForDeploymentPostprocessing = 0;
		};
		E423F49D17BC4D48007F17DF /* Frameworks */ = {
			isa = PBXFrameworksBuildPhase;
			buildActionMask = 2147483647;
			files = (
				E423F4A317BC4D48007F17DF /* SenTestingKit.framework in Frameworks */,
				E423F4A417BC4D48007F17DF /* UIKit.framework in Frameworks */,
				E423F4A517BC4D48007F17DF /* Foundation.framework in Frameworks */,
			);
			runOnlyForDeploymentPostprocessing = 0;
		};
/* End PBXFrameworksBuildPhase section */

/* Begin PBXGroup section */
		E423F47217BC4D48007F17DF = {
			isa = PBXGroup;
			children = (
				E423F4DB17BC4EDA007F17DF /* libicucore.dylib */,
				E423F48417BC4D48007F17DF /* webrtcDemoiOS */,
				E423F4A817BC4D48007F17DF /* webrtcDemoiOSTests */,
				E423F47D17BC4D48007F17DF /* Frameworks */,
				E423F47C17BC4D48007F17DF /* Products */,
			);
			sourceTree = "<group>";
		};
		E423F47C17BC4D48007F17DF /* Products */ = {
			isa = PBXGroup;
			children = (
				E423F47B17BC4D48007F17DF /* webrtcDemoiOS.app */,
				E423F4A117BC4D48007F17DF /* webrtcDemoiOSTests.octest */,
			);
			name = Products;
			sourceTree = "<group>";
		};
		E423F47D17BC4D48007F17DF /* Frameworks */ = {
			isa = PBXGroup;
			children = (
				E423F4D517BC4E30007F17DF /* Opentok.framework */,
				E423F4B917BC4DE2007F17DF /* CoreTelephony.framework */,
				E423F4BA17BC4DE2007F17DF /* MobileCoreServices.framework */,
				E423F4BB17BC4DE2007F17DF /* CFNetwork.framework */,
				E423F4BC17BC4DE2007F17DF /* SystemConfiguration.framework */,
				E423F4BD17BC4DE2007F17DF /* CoreMedia.framework */,
				E423F4BE17BC4DE2007F17DF /* Security.framework */,
				E423F4BF17BC4DE2007F17DF /* AudioToolbox.framework */,
				E423F4C017BC4DE2007F17DF /* CoreAudio.framework */,
				E423F4C117BC4DE2007F17DF /* CoreVideo.framework */,
				E423F4C217BC4DE2007F17DF /* OpenGLES.framework */,
				E423F4C317BC4DE2007F17DF /* libz.dylib */,
				E423F4C417BC4DE2007F17DF /* libstdc++.dylib */,
				E423F4D917BC4EA9007F17DF /* Firebase.framework */,
				E423F4C517BC4DE2007F17DF /* QuartzCore.framework */,
				E423F4C617BC4DE2007F17DF /* AVFoundation.framework */,
				E423F47E17BC4D48007F17DF /* UIKit.framework */,
				E423F48017BC4D48007F17DF /* Foundation.framework */,
				E423F48217BC4D48007F17DF /* CoreGraphics.framework */,
				E423F4A217BC4D48007F17DF /* SenTestingKit.framework */,
			);
			name = Frameworks;
			sourceTree = "<group>";
		};
		E423F48417BC4D48007F17DF /* webrtcDemoiOS */ = {
			isa = PBXGroup;
			children = (
				E423F48D17BC4D48007F17DF /* AppDelegate.h */,
				E423F48E17BC4D48007F17DF /* AppDelegate.m */,
				E423F49617BC4D48007F17DF /* MainStoryboard.storyboard */,
				E423F53617C3C55E007F17DF /* ChatCell.h */,
				E423F53717C3C55E007F17DF /* ChatCell.m */,
				E423F49917BC4D48007F17DF /* ViewController.h */,
				E423F49A17BC4D48007F17DF /* ViewController.m */,
				E423F4FA17BC5318007F17DF /* RoomViewController.h */,
				E423F4FB17BC5318007F17DF /* RoomViewController.m */,
				E423F48517BC4D48007F17DF /* Supporting Files */,
			);
			path = webrtcDemoiOS;
			sourceTree = "<group>";
		};
		E423F48517BC4D48007F17DF /* Supporting Files */ = {
			isa = PBXGroup;
			children = (
				E4EA156617DC9CAF0069B603 /* TBBlue.png */,
				E4EA156417DC9ABF0069B603 /* TBRed.png */,
				E423F4D717BC4E3E007F17DF /* opentok.bundle */,
				E4A4640D17DC28DC00AA4FE9 /* fonts */,
				E423F48617BC4D48007F17DF /* webrtcDemoiOS-Info.plist */,
				E423F48717BC4D48007F17DF /* InfoPlist.strings */,
				E423F48A17BC4D48007F17DF /* main.m */,
				E423F48C17BC4D48007F17DF /* webrtcDemoiOS-Prefix.pch */,
				E423F49017BC4D48007F17DF /* Default.png */,
				E423F49217BC4D48007F17DF /* Default@2x.png */,
				E423F49417BC4D48007F17DF /* Default-568h@2x.png */,
			);
			name = "Supporting Files";
			sourceTree = "<group>";
		};
		E423F4A817BC4D48007F17DF /* webrtcDemoiOSTests */ = {
			isa = PBXGroup;
			children = (
				E423F4AE17BC4D48007F17DF /* webrtcDemoiOSTests.h */,
				E423F4AF17BC4D48007F17DF /* webrtcDemoiOSTests.m */,
				E423F4A917BC4D48007F17DF /* Supporting Files */,
			);
			path = webrtcDemoiOSTests;
			sourceTree = "<group>";
		};
		E423F4A917BC4D48007F17DF /* Supporting Files */ = {
			isa = PBXGroup;
			children = (
				E423F4AA17BC4D48007F17DF /* webrtcDemoiOSTests-Info.plist */,
				E423F4AB17BC4D48007F17DF /* InfoPlist.strings */,
			);
			name = "Supporting Files";
			sourceTree = "<group>";
		};
		E4A4640D17DC28DC00AA4FE9 /* fonts */ = {
			isa = PBXGroup;
			children = (
				E4EA156117DC31E40069B603 /* Avant Garde Book BT.ttf */,
				E4A4641017DC2A3300AA4FE9 /* AvantGarDemObl */,
			);
			name = fonts;
			sourceTree = "<group>";
		};
/* End PBXGroup section */

/* Begin PBXNativeTarget section */
		E423F47A17BC4D48007F17DF /* webrtcDemoiOS */ = {
			isa = PBXNativeTarget;
			buildConfigurationList = E423F4B317BC4D48007F17DF /* Build configuration list for PBXNativeTarget "webrtcDemoiOS" */;
			buildPhases = (
				E423F47717BC4D48007F17DF /* Sources */,
				E423F47817BC4D48007F17DF /* Frameworks */,
				E423F47917BC4D48007F17DF /* Resources */,
			);
			buildRules = (
			);
			dependencies = (
			);
			name = webrtcDemoiOS;
			productName = webrtcDemoiOS;
			productReference = E423F47B17BC4D48007F17DF /* webrtcDemoiOS.app */;
			productType = "com.apple.product-type.application";
		};
		E423F4A017BC4D48007F17DF /* webrtcDemoiOSTests */ = {
			isa = PBXNativeTarget;
			buildConfigurationList = E423F4B617BC4D48007F17DF /* Build configuration list for PBXNativeTarget "webrtcDemoiOSTests" */;
			buildPhases = (
				E423F49C17BC4D48007F17DF /* Sources */,
				E423F49D17BC4D48007F17DF /* Frameworks */,
				E423F49E17BC4D48007F17DF /* Resources */,
				E423F49F17BC4D48007F17DF /* ShellScript */,
			);
			buildRules = (
			);
			dependencies = (
				E423F4A717BC4D48007F17DF /* PBXTargetDependency */,
			);
			name = webrtcDemoiOSTests;
			productName = webrtcDemoiOSTests;
			productReference = E423F4A117BC4D48007F17DF /* webrtcDemoiOSTests.octest */;
			productType = "com.apple.product-type.bundle";
		};
/* End PBXNativeTarget section */

/* Begin PBXProject section */
		E423F47317BC4D48007F17DF /* Project object */ = {
			isa = PBXProject;
			attributes = {
				LastUpgradeCheck = 0460;
				ORGANIZATIONNAME = "Song Zheng";
			};
			buildConfigurationList = E423F47617BC4D48007F17DF /* Build configuration list for PBXProject "webrtcDemoiOS" */;
			compatibilityVersion = "Xcode 3.2";
			developmentRegion = English;
			hasScannedForEncodings = 0;
			knownRegions = (
				en,
			);
			mainGroup = E423F47217BC4D48007F17DF;
			productRefGroup = E423F47C17BC4D48007F17DF /* Products */;
			projectDirPath = "";
			projectRoot = "";
			targets = (
				E423F47A17BC4D48007F17DF /* webrtcDemoiOS */,
				E423F4A017BC4D48007F17DF /* webrtcDemoiOSTests */,
			);
		};
/* End PBXProject section */

/* Begin PBXResourcesBuildPhase section */
		E423F47917BC4D48007F17DF /* Resources */ = {
			isa = PBXResourcesBuildPhase;
			buildActionMask = 2147483647;
			files = (
				E4EA156317DC874E0069B603 /* Avant Garde Book BT.ttf in Resources */,
				E423F48917BC4D48007F17DF /* InfoPlist.strings in Resources */,
				E423F49117BC4D48007F17DF /* Default.png in Resources */,
				E423F49317BC4D48007F17DF /* Default@2x.png in Resources */,
				E423F49517BC4D48007F17DF /* Default-568h@2x.png in Resources */,
				E423F49817BC4D48007F17DF /* MainStoryboard.storyboard in Resources */,
				E423F4D817BC4E3E007F17DF /* opentok.bundle in Resources */,
				E4A4641117DC2A3300AA4FE9 /* AvantGarDemObl in Resources */,
				E4EA156517DC9ABF0069B603 /* TBRed.png in Resources */,
				E4EA156717DC9CAF0069B603 /* TBBlue.png in Resources */,
			);
			runOnlyForDeploymentPostprocessing = 0;
		};
		E423F49E17BC4D48007F17DF /* Resources */ = {
			isa = PBXResourcesBuildPhase;
			buildActionMask = 2147483647;
			files = (
				E423F4AD17BC4D48007F17DF /* InfoPlist.strings in Resources */,
				E4EA156217DC31E40069B603 /* Avant Garde Book BT.ttf in Resources */,
			);
			runOnlyForDeploymentPostprocessing = 0;
		};
/* End PBXResourcesBuildPhase section */

/* Begin PBXShellScriptBuildPhase section */
		E423F49F17BC4D48007F17DF /* ShellScript */ = {
			isa = PBXShellScriptBuildPhase;
			buildActionMask = 2147483647;
			files = (
			);
			inputPaths = (
			);
			outputPaths = (
			);
			runOnlyForDeploymentPostprocessing = 0;
			shellPath = /bin/sh;
			shellScript = "# Run the unit tests in this test bundle.\n\"${SYSTEM_DEVELOPER_DIR}/Tools/RunUnitTests\"\n";
		};
/* End PBXShellScriptBuildPhase section */

/* Begin PBXSourcesBuildPhase section */
		E423F47717BC4D48007F17DF /* Sources */ = {
			isa = PBXSourcesBuildPhase;
			buildActionMask = 2147483647;
			files = (
				E423F48B17BC4D48007F17DF /* main.m in Sources */,
				E423F48F17BC4D48007F17DF /* AppDelegate.m in Sources */,
				E423F49B17BC4D48007F17DF /* ViewController.m in Sources */,
				E423F4FC17BC5318007F17DF /* RoomViewController.m in Sources */,
				E423F53817C3C55E007F17DF /* ChatCell.m in Sources */,
			);
			runOnlyForDeploymentPostprocessing = 0;
		};
		E423F49C17BC4D48007F17DF /* Sources */ = {
			isa = PBXSourcesBuildPhase;
			buildActionMask = 2147483647;
			files = (
				E423F4B017BC4D48007F17DF /* webrtcDemoiOSTests.m in Sources */,
			);
			runOnlyForDeploymentPostprocessing = 0;
		};
/* End PBXSourcesBuildPhase section */

/* Begin PBXTargetDependency section */
		E423F4A717BC4D48007F17DF /* PBXTargetDependency */ = {
			isa = PBXTargetDependency;
			target = E423F47A17BC4D48007F17DF /* webrtcDemoiOS */;
			targetProxy = E423F4A617BC4D48007F17DF /* PBXContainerItemProxy */;
		};
/* End PBXTargetDependency section */

/* Begin PBXVariantGroup section */
		E423F48717BC4D48007F17DF /* InfoPlist.strings */ = {
			isa = PBXVariantGroup;
			children = (
				E423F48817BC4D48007F17DF /* en */,
			);
			name = InfoPlist.strings;
			sourceTree = "<group>";
		};
		E423F49617BC4D48007F17DF /* MainStoryboard.storyboard */ = {
			isa = PBXVariantGroup;
			children = (
				E423F49717BC4D48007F17DF /* en */,
			);
			name = MainStoryboard.storyboard;
			sourceTree = "<group>";
		};
		E423F4AB17BC4D48007F17DF /* InfoPlist.strings */ = {
			isa = PBXVariantGroup;
			children = (
				E423F4AC17BC4D48007F17DF /* en */,
			);
			name = InfoPlist.strings;
			sourceTree = "<group>";
		};
/* End PBXVariantGroup section */

/* Begin XCBuildConfiguration section */
		E423F4B117BC4D48007F17DF /* Debug */ = {
			isa = XCBuildConfiguration;
			buildSettings = {
				ALWAYS_SEARCH_USER_PATHS = NO;
				CLANG_CXX_LANGUAGE_STANDARD = "gnu++0x";
				CLANG_CXX_LIBRARY = "libc++";
				CLANG_ENABLE_OBJC_ARC = YES;
				CLANG_WARN_CONSTANT_CONVERSION = YES;
				CLANG_WARN_EMPTY_BODY = YES;
				CLANG_WARN_ENUM_CONVERSION = YES;
				CLANG_WARN_INT_CONVERSION = YES;
				CLANG_WARN__DUPLICATE_METHOD_MATCH = YES;
				"CODE_SIGN_IDENTITY[sdk=iphoneos*]" = "iPhone Developer";
				COPY_PHASE_STRIP = NO;
				GCC_C_LANGUAGE_STANDARD = gnu99;
				GCC_DYNAMIC_NO_PIC = NO;
				GCC_OPTIMIZATION_LEVEL = 0;
				GCC_PREPROCESSOR_DEFINITIONS = (
					"DEBUG=1",
					"$(inherited)",
				);
				GCC_SYMBOLS_PRIVATE_EXTERN = NO;
				GCC_WARN_ABOUT_RETURN_TYPE = YES;
				GCC_WARN_UNINITIALIZED_AUTOS = YES;
				GCC_WARN_UNUSED_VARIABLE = YES;
				IPHONEOS_DEPLOYMENT_TARGET = 6.1;
				ONLY_ACTIVE_ARCH = YES;
				OTHER_LDFLAGS = "-ObjC";
				SDKROOT = iphoneos;
			};
			name = Debug;
		};
		E423F4B217BC4D48007F17DF /* Release */ = {
			isa = XCBuildConfiguration;
			buildSettings = {
				ALWAYS_SEARCH_USER_PATHS = NO;
				CLANG_CXX_LANGUAGE_STANDARD = "gnu++0x";
				CLANG_CXX_LIBRARY = "libc++";
				CLANG_ENABLE_OBJC_ARC = YES;
				CLANG_WARN_CONSTANT_CONVERSION = YES;
				CLANG_WARN_EMPTY_BODY = YES;
				CLANG_WARN_ENUM_CONVERSION = YES;
				CLANG_WARN_INT_CONVERSION = YES;
				CLANG_WARN__DUPLICATE_METHOD_MATCH = YES;
				"CODE_SIGN_IDENTITY[sdk=iphoneos*]" = "iPhone Developer";
				COPY_PHASE_STRIP = YES;
				GCC_C_LANGUAGE_STANDARD = gnu99;
				GCC_WARN_ABOUT_RETURN_TYPE = YES;
				GCC_WARN_UNINITIALIZED_AUTOS = YES;
				GCC_WARN_UNUSED_VARIABLE = YES;
				IPHONEOS_DEPLOYMENT_TARGET = 6.1;
				OTHER_CFLAGS = "-DNS_BLOCK_ASSERTIONS=1";
				OTHER_LDFLAGS = "-ObjC";
				SDKROOT = iphoneos;
				VALIDATE_PRODUCT = YES;
			};
			name = Release;
		};
		E423F4B417BC4D48007F17DF /* Debug */ = {
			isa = XCBuildConfiguration;
			buildSettings = {
				FRAMEWORK_SEARCH_PATHS = (
					"$(inherited)",
					"\"$(SRCROOT)/opentok-ios-sdk-webrtc\"",
					"\"$(SRCROOT)/..\"",
				);
				GCC_PRECOMPILE_PREFIX_HEADER = YES;
				GCC_PREFIX_HEADER = "webrtcDemoiOS/webrtcDemoiOS-Prefix.pch";
				INFOPLIST_FILE = "webrtcDemoiOS/webrtcDemoiOS-Info.plist";
				PRODUCT_NAME = "$(TARGET_NAME)";
				WRAPPER_EXTENSION = app;
			};
			name = Debug;
		};
		E423F4B517BC4D48007F17DF /* Release */ = {
			isa = XCBuildConfiguration;
			buildSettings = {
				FRAMEWORK_SEARCH_PATHS = (
					"$(inherited)",
					"\"$(SRCROOT)/opentok-ios-sdk-webrtc\"",
					"\"$(SRCROOT)/..\"",
				);
				GCC_PRECOMPILE_PREFIX_HEADER = YES;
				GCC_PREFIX_HEADER = "webrtcDemoiOS/webrtcDemoiOS-Prefix.pch";
				INFOPLIST_FILE = "webrtcDemoiOS/webrtcDemoiOS-Info.plist";
				PRODUCT_NAME = "$(TARGET_NAME)";
				WRAPPER_EXTENSION = app;
			};
			name = Release;
		};
		E423F4B717BC4D48007F17DF /* Debug */ = {
			isa = XCBuildConfiguration;
			buildSettings = {
				BUNDLE_LOADER = "$(BUILT_PRODUCTS_DIR)/webrtcDemoiOS.app/webrtcDemoiOS";
				FRAMEWORK_SEARCH_PATHS = (
					"\"$(SDKROOT)/Developer/Library/Frameworks\"",
					"\"$(DEVELOPER_LIBRARY_DIR)/Frameworks\"",
				);
				GCC_PRECOMPILE_PREFIX_HEADER = YES;
				GCC_PREFIX_HEADER = "webrtcDemoiOS/webrtcDemoiOS-Prefix.pch";
				INFOPLIST_FILE = "webrtcDemoiOSTests/webrtcDemoiOSTests-Info.plist";
				PRODUCT_NAME = "$(TARGET_NAME)";
				TEST_HOST = "$(BUNDLE_LOADER)";
				WRAPPER_EXTENSION = octest;
			};
			name = Debug;
		};
		E423F4B817BC4D48007F17DF /* Release */ = {
			isa = XCBuildConfiguration;
			buildSettings = {
				BUNDLE_LOADER = "$(BUILT_PRODUCTS_DIR)/webrtcDemoiOS.app/webrtcDemoiOS";
				FRAMEWORK_SEARCH_PATHS = (
					"\"$(SDKROOT)/Developer/Library/Frameworks\"",
					"\"$(DEVELOPER_LIBRARY_DIR)/Frameworks\"",
				);
				GCC_PRECOMPILE_PREFIX_HEADER = YES;
				GCC_PREFIX_HEADER = "webrtcDemoiOS/webrtcDemoiOS-Prefix.pch";
				INFOPLIST_FILE = "webrtcDemoiOSTests/webrtcDemoiOSTests-Info.plist";
				PRODUCT_NAME = "$(TARGET_NAME)";
				TEST_HOST = "$(BUNDLE_LOADER)";
				WRAPPER_EXTENSION = octest;
			};
			name = Release;
		};
/* End XCBuildConfiguration section */

/* Begin XCConfigurationList section */
		E423F47617BC4D48007F17DF /* Build configuration list for PBXProject "webrtcDemoiOS" */ = {
			isa = XCConfigurationList;
			buildConfigurations = (
				E423F4B117BC4D48007F17DF /* Debug */,
				E423F4B217BC4D48007F17DF /* Release */,
			);
			defaultConfigurationIsVisible = 0;
			defaultConfigurationName = Release;
		};
		E423F4B317BC4D48007F17DF /* Build configuration list for PBXNativeTarget "webrtcDemoiOS" */ = {
			isa = XCConfigurationList;
			buildConfigurations = (
				E423F4B417BC4D48007F17DF /* Debug */,
				E423F4B517BC4D48007F17DF /* Release */,
			);
			defaultConfigurationIsVisible = 0;
			defaultConfigurationName = Release;
		};
		E423F4B617BC4D48007F17DF /* Build configuration list for PBXNativeTarget "webrtcDemoiOSTests" */ = {
			isa = XCConfigurationList;
			buildConfigurations = (
				E423F4B717BC4D48007F17DF /* Debug */,
				E423F4B817BC4D48007F17DF /* Release */,
			);
			defaultConfigurationIsVisible = 0;
			defaultConfigurationName = Release;
		};
/* End XCConfigurationList section */
	};
	rootObject = E423F47317BC4D48007F17DF /* Project object */;
}
